
Microsoft Visual Studio Solution File, Format Version 12.00
# Visual Studio Version 17
VisualStudioVersion = 17.9.34728.123
MinimumVisualStudioVersion = 10.0.40219.1
Project("{FAE04EC0-301F-11D3-BF4B-00C04F79EFBC}") = "fila de pacientes do hospital", "fila de pacientes do hospital\fila de pacientes do hospital.csproj", "{631E703E-A81B-4351-BC21-1468ABFC52D8}"
EndProject
Global
	GlobalSection(SolutionConfigurationPlatforms) = preSolution
		Debug|Any CPU = Debug|Any CPU
		Release|Any CPU = Release|Any CPU
	EndGlobalSection
	GlobalSection(ProjectConfigurationPlatforms) = postSolution
		{631E703E-A81B-4351-BC21-1468ABFC52D8}.Debug|Any CPU.ActiveCfg = Debug|Any CPU
		{631E703E-A81B-4351-BC21-1468ABFC52D8}.Debug|Any CPU.Build.0 = Debug|Any CPU
		{631E703E-A81B-4351-BC21-1468ABFC52D8}.Release|Any CPU.ActiveCfg = Release|Any CPU
		{631E703E-A81B-4351-BC21-1468ABFC52D8}.Release|Any CPU.Build.0 = Release|Any CPU
	EndGlobalSection
	GlobalSection(SolutionProperties) = preSolution
		HideSolutionNode = FALSE
	EndGlobalSection
	GlobalSection(ExtensibilityGlobals) = postSolution
		SolutionGuid = {82B407AB-D860-4203-A6FB-6419F82AFE98}
	EndGlobalSection
EndGlobal
